// !$*UTF8*$!
{
	archiveVersion = 1;
	classes = {
	};
	objectVersion = 55;
	objects = {

/* Begin PBXBuildFile section */
		290F98D527679FE40050D4DA /* EditToolbar.swift in Sources */ = {isa = PBXBuildFile; fileRef = 290F98D427679FE40050D4DA /* EditToolbar.swift */; };
		295AE67E27526FD500A0185C /* AppDelegate.swift in Sources */ = {isa = PBXBuildFile; fileRef = 295AE67D27526FD500A0185C /* AppDelegate.swift */; };
		295AE68327526FD500A0185C /* Snip.xcdatamodeld in Sources */ = {isa = PBXBuildFile; fileRef = 295AE68127526FD500A0185C /* Snip.xcdatamodeld */; };
		295AE68527526FD600A0185C /* Assets.xcassets in Resources */ = {isa = PBXBuildFile; fileRef = 295AE68427526FD600A0185C /* Assets.xcassets */; };
		295AE68827526FD600A0185C /* Main.storyboard in Resources */ = {isa = PBXBuildFile; fileRef = 295AE68627526FD600A0185C /* Main.storyboard */; };
		295AE69327526FD600A0185C /* SnipTests.swift in Sources */ = {isa = PBXBuildFile; fileRef = 295AE69227526FD600A0185C /* SnipTests.swift */; };
		295AE6AD2753758100A0185C /* SnipManager.swift in Sources */ = {isa = PBXBuildFile; fileRef = 295AE6AC2753758100A0185C /* SnipManager.swift */; };
		295AE6B52753C41800A0185C /* SnipMaskWindowController.swift in Sources */ = {isa = PBXBuildFile; fileRef = 295AE6B42753C41800A0185C /* SnipMaskWindowController.swift */; };
		296B863927C3E639003BD7E0 /* ResizableView.swift in Sources */ = {isa = PBXBuildFile; fileRef = 296B863827C3E639003BD7E0 /* ResizableView.swift */; };
		2998FBBD2756766E007CBAC0 /* SnipSizeLabel.swift in Sources */ = {isa = PBXBuildFile; fileRef = 2998FBBC2756766E007CBAC0 /* SnipSizeLabel.swift */; };
		2998FBBF275688CE007CBAC0 /* SnipWindow.swift in Sources */ = {isa = PBXBuildFile; fileRef = 2998FBBE275688CE007CBAC0 /* SnipWindow.swift */; };
		29FB8C352763A62000174A11 /* WindowInfo.swift in Sources */ = {isa = PBXBuildFile; fileRef = 29FB8C342763A62000174A11 /* WindowInfo.swift */; };
		6B23BB8C27C3B34200D92A4A /* Constants.swift in Sources */ = {isa = PBXBuildFile; fileRef = 6B23BB8B27C3B34200D92A4A /* Constants.swift */; };
		6B6D374F275A439B009CB9E3 /* ToolbarButtonStyle.swift in Sources */ = {isa = PBXBuildFile; fileRef = 6B6D374E275A439B009CB9E3 /* ToolbarButtonStyle.swift */; };
		6BE58E1F2757775F0073CBAE /* Extensions.swift in Sources */ = {isa = PBXBuildFile; fileRef = 6BE58E1E2757775F0073CBAE /* Extensions.swift */; };
		6BE58E2227585F3E0073CBAE /* KeyboardShortcuts in Frameworks */ = {isa = PBXBuildFile; productRef = 6BE58E2127585F3E0073CBAE /* KeyboardShortcuts */; };
		6BE58E24275876E70073CBAE /* SnipToolbar.swift in Sources */ = {isa = PBXBuildFile; fileRef = 6BE58E23275876E70073CBAE /* SnipToolbar.swift */; };
		6BE58E272758F30D0073CBAE /* SnipImageWindowController.swift in Sources */ = {isa = PBXBuildFile; fileRef = 6BE58E262758F30D0073CBAE /* SnipImageWindowController.swift */; };
/* End PBXBuildFile section */

/* Begin PBXContainerItemProxy section */
		295AE68F27526FD600A0185C /* PBXContainerItemProxy */ = {
			isa = PBXContainerItemProxy;
			containerPortal = 295AE67227526FD500A0185C /* Project object */;
			proxyType = 1;
			remoteGlobalIDString = 295AE67927526FD500A0185C;
			remoteInfo = Snip;
		};
/* End PBXContainerItemProxy section */

/* Begin PBXFileReference section */
		290F98D427679FE40050D4DA /* EditToolbar.swift */ = {isa = PBXFileReference; lastKnownFileType = sourcecode.swift; path = EditToolbar.swift; sourceTree = "<group>"; };
		295AE67A27526FD500A0185C /* Snip.app */ = {isa = PBXFileReference; explicitFileType = wrapper.application; includeInIndex = 0; path = Snip.app; sourceTree = BUILT_PRODUCTS_DIR; };
		295AE67D27526FD500A0185C /* AppDelegate.swift */ = {isa = PBXFileReference; lastKnownFileType = sourcecode.swift; path = AppDelegate.swift; sourceTree = "<group>"; };
		295AE68227526FD500A0185C /* Snip.xcdatamodel */ = {isa = PBXFileReference; lastKnownFileType = wrapper.xcdatamodel; path = Snip.xcdatamodel; sourceTree = "<group>"; };
		295AE68427526FD600A0185C /* Assets.xcassets */ = {isa = PBXFileReference; lastKnownFileType = folder.assetcatalog; path = Assets.xcassets; sourceTree = "<group>"; };
		295AE68727526FD600A0185C /* Base */ = {isa = PBXFileReference; lastKnownFileType = file.storyboard; name = Base; path = Base.lproj/Main.storyboard; sourceTree = "<group>"; };
		295AE68927526FD600A0185C /* Snip.entitlements */ = {isa = PBXFileReference; lastKnownFileType = text.plist.entitlements; path = Snip.entitlements; sourceTree = "<group>"; };
		295AE68E27526FD600A0185C /* SnipTests.xctest */ = {isa = PBXFileReference; explicitFileType = wrapper.cfbundle; includeInIndex = 0; path = SnipTests.xctest; sourceTree = BUILT_PRODUCTS_DIR; };
		295AE69227526FD600A0185C /* SnipTests.swift */ = {isa = PBXFileReference; lastKnownFileType = sourcecode.swift; path = SnipTests.swift; sourceTree = "<group>"; };
		295AE6AB275271E200A0185C /* Info.plist */ = {isa = PBXFileReference; lastKnownFileType = text.plist; path = Info.plist; sourceTree = "<group>"; };
		295AE6AC2753758100A0185C /* SnipManager.swift */ = {isa = PBXFileReference; lastKnownFileType = sourcecode.swift; path = SnipManager.swift; sourceTree = "<group>"; };
		295AE6B42753C41800A0185C /* SnipMaskWindowController.swift */ = {isa = PBXFileReference; lastKnownFileType = sourcecode.swift; path = SnipMaskWindowController.swift; sourceTree = "<group>"; };
		296B863827C3E639003BD7E0 /* ResizableView.swift */ = {isa = PBXFileReference; lastKnownFileType = sourcecode.swift; path = ResizableView.swift; sourceTree = "<group>"; };
		2998FBBC2756766E007CBAC0 /* SnipSizeLabel.swift */ = {isa = PBXFileReference; lastKnownFileType = sourcecode.swift; path = SnipSizeLabel.swift; sourceTree = "<group>"; };
		2998FBBE275688CE007CBAC0 /* SnipWindow.swift */ = {isa = PBXFileReference; lastKnownFileType = sourcecode.swift; path = SnipWindow.swift; sourceTree = "<group>"; };
		29FB8C342763A62000174A11 /* WindowInfo.swift */ = {isa = PBXFileReference; lastKnownFileType = sourcecode.swift; path = WindowInfo.swift; sourceTree = "<group>"; };
		6B23BB8B27C3B34200D92A4A /* Constants.swift */ = {isa = PBXFileReference; lastKnownFileType = sourcecode.swift; path = Constants.swift; sourceTree = "<group>"; };
		6B6D374E275A439B009CB9E3 /* ToolbarButtonStyle.swift */ = {isa = PBXFileReference; lastKnownFileType = sourcecode.swift; path = ToolbarButtonStyle.swift; sourceTree = "<group>"; };
		6BE58E1E2757775F0073CBAE /* Extensions.swift */ = {isa = PBXFileReference; lastKnownFileType = sourcecode.swift; path = Extensions.swift; sourceTree = "<group>"; };
		6BE58E23275876E70073CBAE /* SnipToolbar.swift */ = {isa = PBXFileReference; lastKnownFileType = sourcecode.swift; path = SnipToolbar.swift; sourceTree = "<group>"; };
		6BE58E262758F30D0073CBAE /* SnipImageWindowController.swift */ = {isa = PBXFileReference; lastKnownFileType = sourcecode.swift; path = SnipImageWindowController.swift; sourceTree = "<group>"; };
/* End PBXFileReference section */

/* Begin PBXFrameworksBuildPhase section */
		295AE67727526FD500A0185C /* Frameworks */ = {
			isa = PBXFrameworksBuildPhase;
			buildActionMask = 2147483647;
			files = (
				6BE58E2227585F3E0073CBAE /* KeyboardShortcuts in Frameworks */,
			);
			runOnlyForDeploymentPostprocessing = 0;
		};
		295AE68B27526FD600A0185C /* Frameworks */ = {
			isa = PBXFrameworksBuildPhase;
			buildActionMask = 2147483647;
			files = (
			);
			runOnlyForDeploymentPostprocessing = 0;
		};
/* End PBXFrameworksBuildPhase section */

/* Begin PBXGroup section */
		295AE67127526FD500A0185C = {
			isa = PBXGroup;
			children = (
				295AE67C27526FD500A0185C /* Snip */,
				295AE69127526FD600A0185C /* SnipTests */,
				295AE67B27526FD500A0185C /* Products */,
			);
			sourceTree = "<group>";
		};
		295AE67B27526FD500A0185C /* Products */ = {
			isa = PBXGroup;
			children = (
				295AE67A27526FD500A0185C /* Snip.app */,
				295AE68E27526FD600A0185C /* SnipTests.xctest */,
			);
			name = Products;
			sourceTree = "<group>";
		};
		295AE67C27526FD500A0185C /* Snip */ = {
			isa = PBXGroup;
			children = (
				295AE67D27526FD500A0185C /* AppDelegate.swift */,
				6B23BB8B27C3B34200D92A4A /* Constants.swift */,
				6BE58E1E2757775F0073CBAE /* Extensions.swift */,
				295AE6AC2753758100A0185C /* SnipManager.swift */,
				29FB8C332763A5FB00174A11 /* Models */,
				2998FBB927566AC0007CBAC0 /* Views */,
				2998FBB827566AB1007CBAC0 /* Controllers */,
				295AE68627526FD600A0185C /* Main.storyboard */,
				295AE68427526FD600A0185C /* Assets.xcassets */,
				295AE68127526FD500A0185C /* Snip.xcdatamodeld */,
				295AE6AB275271E200A0185C /* Info.plist */,
				295AE68927526FD600A0185C /* Snip.entitlements */,
			);
			path = Snip;
			sourceTree = "<group>";
		};
		295AE69127526FD600A0185C /* SnipTests */ = {
			isa = PBXGroup;
			children = (
				295AE69227526FD600A0185C /* SnipTests.swift */,
			);
			path = SnipTests;
			sourceTree = "<group>";
		};
		2998FBB827566AB1007CBAC0 /* Controllers */ = {
			isa = PBXGroup;
			children = (
				295AE6B42753C41800A0185C /* SnipMaskWindowController.swift */,
				6BE58E262758F30D0073CBAE /* SnipImageWindowController.swift */,
			);
			path = Controllers;
			sourceTree = "<group>";
		};
		2998FBB927566AC0007CBAC0 /* Views */ = {
			isa = PBXGroup;
			children = (
				6B6D374D275A438D009CB9E3 /* Modifiers */,
				2998FBBE275688CE007CBAC0 /* SnipWindow.swift */,
				296B863827C3E639003BD7E0 /* ResizableView.swift */,
				2998FBBC2756766E007CBAC0 /* SnipSizeLabel.swift */,
				6BE58E23275876E70073CBAE /* SnipToolbar.swift */,
				290F98D427679FE40050D4DA /* EditToolbar.swift */,
			);
			path = Views;
			sourceTree = "<group>";
		};
		29FB8C332763A5FB00174A11 /* Models */ = {
			isa = PBXGroup;
			children = (
				29FB8C342763A62000174A11 /* WindowInfo.swift */,
			);
			path = Models;
			sourceTree = "<group>";
		};
		6B6D374D275A438D009CB9E3 /* Modifiers */ = {
			isa = PBXGroup;
			children = (
				6B6D374E275A439B009CB9E3 /* ToolbarButtonStyle.swift */,
			);
			path = Modifiers;
			sourceTree = "<group>";
		};
/* End PBXGroup section */

/* Begin PBXNativeTarget section */
		295AE67927526FD500A0185C /* Snip */ = {
			isa = PBXNativeTarget;
			buildConfigurationList = 295AE6A227526FD600A0185C /* Build configuration list for PBXNativeTarget "Snip" */;
			buildPhases = (
				295AE67627526FD500A0185C /* Sources */,
				295AE67727526FD500A0185C /* Frameworks */,
				295AE67827526FD500A0185C /* Resources */,
			);
			buildRules = (
			);
			dependencies = (
			);
			name = Snip;
			packageProductDependencies = (
				6BE58E2127585F3E0073CBAE /* KeyboardShortcuts */,
			);
			productName = Snip;
			productReference = 295AE67A27526FD500A0185C /* Snip.app */;
			productType = "com.apple.product-type.application";
		};
		295AE68D27526FD600A0185C /* SnipTests */ = {
			isa = PBXNativeTarget;
			buildConfigurationList = 295AE6A527526FD600A0185C /* Build configuration list for PBXNativeTarget "SnipTests" */;
			buildPhases = (
				295AE68A27526FD600A0185C /* Sources */,
				295AE68B27526FD600A0185C /* Frameworks */,
				295AE68C27526FD600A0185C /* Resources */,
			);
			buildRules = (
			);
			dependencies = (
				295AE69027526FD600A0185C /* PBXTargetDependency */,
			);
			name = SnipTests;
			productName = SnipTests;
			productReference = 295AE68E27526FD600A0185C /* SnipTests.xctest */;
			productType = "com.apple.product-type.bundle.unit-test";
		};
/* End PBXNativeTarget section */

/* Begin PBXProject section */
		295AE67227526FD500A0185C /* Project object */ = {
			isa = PBXProject;
			attributes = {
				BuildIndependentTargetsInParallel = 1;
				LastSwiftUpdateCheck = 1310;
				LastUpgradeCheck = 1310;
				TargetAttributes = {
					295AE67927526FD500A0185C = {
						CreatedOnToolsVersion = 13.1;
					};
					295AE68D27526FD600A0185C = {
						CreatedOnToolsVersion = 13.1;
						TestTargetID = 295AE67927526FD500A0185C;
					};
				};
			};
			buildConfigurationList = 295AE67527526FD500A0185C /* Build configuration list for PBXProject "Snip" */;
			compatibilityVersion = "Xcode 13.0";
			developmentRegion = en;
			hasScannedForEncodings = 0;
			knownRegions = (
				en,
				Base,
			);
			mainGroup = 295AE67127526FD500A0185C;
			packageReferences = (
				6BE58E2027585F3E0073CBAE /* XCRemoteSwiftPackageReference "KeyboardShortcuts" */,
			);
			productRefGroup = 295AE67B27526FD500A0185C /* Products */;
			projectDirPath = "";
			projectRoot = "";
			targets = (
				295AE67927526FD500A0185C /* Snip */,
				295AE68D27526FD600A0185C /* SnipTests */,
			);
		};
/* End PBXProject section */

/* Begin PBXResourcesBuildPhase section */
		295AE67827526FD500A0185C /* Resources */ = {
			isa = PBXResourcesBuildPhase;
			buildActionMask = 2147483647;
			files = (
				295AE68527526FD600A0185C /* Assets.xcassets in Resources */,
				295AE68827526FD600A0185C /* Main.storyboard in Resources */,
			);
			runOnlyForDeploymentPostprocessing = 0;
		};
		295AE68C27526FD600A0185C /* Resources */ = {
			isa = PBXResourcesBuildPhase;
			buildActionMask = 2147483647;
			files = (
			);
			runOnlyForDeploymentPostprocessing = 0;
		};
/* End PBXResourcesBuildPhase section */

/* Begin PBXSourcesBuildPhase section */
		295AE67627526FD500A0185C /* Sources */ = {
			isa = PBXSourcesBuildPhase;
			buildActionMask = 2147483647;
			files = (
				6BE58E24275876E70073CBAE /* SnipToolbar.swift in Sources */,
				6BE58E1F2757775F0073CBAE /* Extensions.swift in Sources */,
				295AE68327526FD500A0185C /* Snip.xcdatamodeld in Sources */,
				6B6D374F275A439B009CB9E3 /* ToolbarButtonStyle.swift in Sources */,
				295AE6AD2753758100A0185C /* SnipManager.swift in Sources */,
				296B863927C3E639003BD7E0 /* ResizableView.swift in Sources */,
				6B23BB8C27C3B34200D92A4A /* Constants.swift in Sources */,
				295AE6B52753C41800A0185C /* SnipMaskWindowController.swift in Sources */,
				295AE67E27526FD500A0185C /* AppDelegate.swift in Sources */,
				2998FBBF275688CE007CBAC0 /* SnipWindow.swift in Sources */,
				2998FBBD2756766E007CBAC0 /* SnipSizeLabel.swift in Sources */,
				29FB8C352763A62000174A11 /* WindowInfo.swift in Sources */,
				6BE58E272758F30D0073CBAE /* SnipImageWindowController.swift in Sources */,
				290F98D527679FE40050D4DA /* EditToolbar.swift in Sources */,
			);
			runOnlyForDeploymentPostprocessing = 0;
		};
		295AE68A27526FD600A0185C /* Sources */ = {
			isa = PBXSourcesBuildPhase;
			buildActionMask = 2147483647;
			files = (
				295AE69327526FD600A0185C /* SnipTests.swift in Sources */,
			);
			runOnlyForDeploymentPostprocessing = 0;
		};
/* End PBXSourcesBuildPhase section */

/* Begin PBXTargetDependency section */
		295AE69027526FD600A0185C /* PBXTargetDependency */ = {
			isa = PBXTargetDependency;
			target = 295AE67927526FD500A0185C /* Snip */;
			targetProxy = 295AE68F27526FD600A0185C /* PBXContainerItemProxy */;
		};
/* End PBXTargetDependency section */

/* Begin PBXVariantGroup section */
		295AE68627526FD600A0185C /* Main.storyboard */ = {
			isa = PBXVariantGroup;
			children = (
				295AE68727526FD600A0185C /* Base */,
			);
			name = Main.storyboard;
			sourceTree = "<group>";
		};
/* End PBXVariantGroup section */

/* Begin XCBuildConfiguration section */
		295AE6A027526FD600A0185C /* Debug */ = {
			isa = XCBuildConfiguration;
			buildSettings = {
				ALWAYS_SEARCH_USER_PATHS = NO;
				CLANG_ANALYZER_NONNULL = YES;
				CLANG_ANALYZER_NUMBER_OBJECT_CONVERSION = YES_AGGRESSIVE;
				CLANG_CXX_LANGUAGE_STANDARD = "gnu++17";
				CLANG_CXX_LIBRARY = "libc++";
				CLANG_ENABLE_MODULES = YES;
				CLANG_ENABLE_OBJC_ARC = YES;
				CLANG_ENABLE_OBJC_WEAK = YES;
				CLANG_WARN_BLOCK_CAPTURE_AUTORELEASING = YES;
				CLANG_WARN_BOOL_CONVERSION = YES;
				CLANG_WARN_COMMA = YES;
				CLANG_WARN_CONSTANT_CONVERSION = YES;
				CLANG_WARN_DEPRECATED_OBJC_IMPLEMENTATIONS = YES;
				CLANG_WARN_DIRECT_OBJC_ISA_USAGE = YES_ERROR;
				CLANG_WARN_DOCUMENTATION_COMMENTS = YES;
				CLANG_WARN_EMPTY_BODY = YES;
				CLANG_WARN_ENUM_CONVERSION = YES;
				CLANG_WARN_INFINITE_RECURSION = YES;
				CLANG_WARN_INT_CONVERSION = YES;
				CLANG_WARN_NON_LITERAL_NULL_CONVERSION = YES;
				CLANG_WARN_OBJC_IMPLICIT_RETAIN_SELF = YES;
				CLANG_WARN_OBJC_LITERAL_CONVERSION = YES;
				CLANG_WARN_OBJC_ROOT_CLASS = YES_ERROR;
				CLANG_WARN_QUOTED_INCLUDE_IN_FRAMEWORK_HEADER = YES;
				CLANG_WARN_RANGE_LOOP_ANALYSIS = YES;
				CLANG_WARN_STRICT_PROTOTYPES = YES;
				CLANG_WARN_SUSPICIOUS_MOVE = YES;
				CLANG_WARN_UNGUARDED_AVAILABILITY = YES_AGGRESSIVE;
				CLANG_WARN_UNREACHABLE_CODE = YES;
				CLANG_WARN__DUPLICATE_METHOD_MATCH = YES;
				COPY_PHASE_STRIP = NO;
				DEBUG_INFORMATION_FORMAT = dwarf;
				ENABLE_STRICT_OBJC_MSGSEND = YES;
				ENABLE_TESTABILITY = YES;
				GCC_C_LANGUAGE_STANDARD = gnu11;
				GCC_DYNAMIC_NO_PIC = NO;
				GCC_NO_COMMON_BLOCKS = YES;
				GCC_OPTIMIZATION_LEVEL = 0;
				GCC_PREPROCESSOR_DEFINITIONS = (
					"DEBUG=1",
					"$(inherited)",
				);
				GCC_WARN_64_TO_32_BIT_CONVERSION = YES;
				GCC_WARN_ABOUT_RETURN_TYPE = YES_ERROR;
				GCC_WARN_UNDECLARED_SELECTOR = YES;
				GCC_WARN_UNINITIALIZED_AUTOS = YES_AGGRESSIVE;
				GCC_WARN_UNUSED_FUNCTION = YES;
				GCC_WARN_UNUSED_VARIABLE = YES;
				MACOSX_DEPLOYMENT_TARGET = 12.0;
				MTL_ENABLE_DEBUG_INFO = INCLUDE_SOURCE;
				MTL_FAST_MATH = YES;
				ONLY_ACTIVE_ARCH = YES;
				SDKROOT = macosx;
				SWIFT_ACTIVE_COMPILATION_CONDITIONS = DEBUG;
				SWIFT_OPTIMIZATION_LEVEL = "-Onone";
			};
			name = Debug;
		};
		295AE6A127526FD600A0185C /* Release */ = {
			isa = XCBuildConfiguration;
			buildSettings = {
				ALWAYS_SEARCH_USER_PATHS = NO;
				CLANG_ANALYZER_NONNULL = YES;
				CLANG_ANALYZER_NUMBER_OBJECT_CONVERSION = YES_AGGRESSIVE;
				CLANG_CXX_LANGUAGE_STANDARD = "gnu++17";
				CLANG_CXX_LIBRARY = "libc++";
				CLANG_ENABLE_MODULES = YES;
				CLANG_ENABLE_OBJC_ARC = YES;
				CLANG_ENABLE_OBJC_WEAK = YES;
				CLANG_WARN_BLOCK_CAPTURE_AUTORELEASING = YES;
				CLANG_WARN_BOOL_CONVERSION = YES;
				CLANG_WARN_COMMA = YES;
				CLANG_WARN_CONSTANT_CONVERSION = YES;
				CLANG_WARN_DEPRECATED_OBJC_IMPLEMENTATIONS = YES;
				CLANG_WARN_DIRECT_OBJC_ISA_USAGE = YES_ERROR;
				CLANG_WARN_DOCUMENTATION_COMMENTS = YES;
				CLANG_WARN_EMPTY_BODY = YES;
				CLANG_WARN_ENUM_CONVERSION = YES;
				CLANG_WARN_INFINITE_RECURSION = YES;
				CLANG_WARN_INT_CONVERSION = YES;
				CLANG_WARN_NON_LITERAL_NULL_CONVERSION = YES;
				CLANG_WARN_OBJC_IMPLICIT_RETAIN_SELF = YES;
				CLANG_WARN_OBJC_LITERAL_CONVERSION = YES;
				CLANG_WARN_OBJC_ROOT_CLASS = YES_ERROR;
				CLANG_WARN_QUOTED_INCLUDE_IN_FRAMEWORK_HEADER = YES;
				CLANG_WARN_RANGE_LOOP_ANALYSIS = YES;
				CLANG_WARN_STRICT_PROTOTYPES = YES;
				CLANG_WARN_SUSPICIOUS_MOVE = YES;
				CLANG_WARN_UNGUARDED_AVAILABILITY = YES_AGGRESSIVE;
				CLANG_WARN_UNREACHABLE_CODE = YES;
				CLANG_WARN__DUPLICATE_METHOD_MATCH = YES;
				COPY_PHASE_STRIP = NO;
				DEBUG_INFORMATION_FORMAT = "dwarf-with-dsym";
				ENABLE_NS_ASSERTIONS = NO;
				ENABLE_STRICT_OBJC_MSGSEND = YES;
				GCC_C_LANGUAGE_STANDARD = gnu11;
				GCC_NO_COMMON_BLOCKS = YES;
				GCC_WARN_64_TO_32_BIT_CONVERSION = YES;
				GCC_WARN_ABOUT_RETURN_TYPE = YES_ERROR;
				GCC_WARN_UNDECLARED_SELECTOR = YES;
				GCC_WARN_UNINITIALIZED_AUTOS = YES_AGGRESSIVE;
				GCC_WARN_UNUSED_FUNCTION = YES;
				GCC_WARN_UNUSED_VARIABLE = YES;
				MACOSX_DEPLOYMENT_TARGET = 12.0;
				MTL_ENABLE_DEBUG_INFO = NO;
				MTL_FAST_MATH = YES;
				SDKROOT = macosx;
				SWIFT_COMPILATION_MODE = wholemodule;
				SWIFT_OPTIMIZATION_LEVEL = "-O";
			};
			name = Release;
		};
		295AE6A327526FD600A0185C /* Debug */ = {
			isa = XCBuildConfiguration;
			buildSettings = {
				ASSETCATALOG_COMPILER_APPICON_NAME = AppIcon;
				ASSETCATALOG_COMPILER_GLOBAL_ACCENT_COLOR_NAME = AccentColor;
				CODE_SIGN_ENTITLEMENTS = Snip/Snip.entitlements;
				CODE_SIGN_IDENTITY = "Apple Development";
				CODE_SIGN_STYLE = Automatic;
				COMBINE_HIDPI_IMAGES = YES;
				CURRENT_PROJECT_VERSION = 1;
				DEVELOPMENT_TEAM = 8TA5C5ASM9;
				ENABLE_HARDENED_RUNTIME = YES;
				GENERATE_INFOPLIST_FILE = YES;
				INFOPLIST_FILE = Snip/Info.plist;
				INFOPLIST_KEY_LSApplicationCategoryType = "public.app-category.utilities";
				INFOPLIST_KEY_NSHumanReadableCopyright = "";
				INFOPLIST_KEY_NSMainStoryboardFile = Main;
				INFOPLIST_KEY_NSPrincipalClass = NSApplication;
				LD_RUNPATH_SEARCH_PATHS = (
					"$(inherited)",
					"@executable_path/../Frameworks",
				);
				MARKETING_VERSION = 0.0.1;
				PRODUCT_BUNDLE_IDENTIFIER = me.jiaxin.Snip;
				PRODUCT_NAME = "$(TARGET_NAME)";
				SWIFT_EMIT_LOC_STRINGS = YES;
				SWIFT_VERSION = 5.0;
			};
			name = Debug;
		};
		295AE6A427526FD600A0185C /* Release */ = {
			isa = XCBuildConfiguration;
			buildSettings = {
				ASSETCATALOG_COMPILER_APPICON_NAME = AppIcon;
				ASSETCATALOG_COMPILER_GLOBAL_ACCENT_COLOR_NAME = AccentColor;
				CODE_SIGN_ENTITLEMENTS = Snip/Snip.entitlements;
				CODE_SIGN_IDENTITY = "Apple Development";
				CODE_SIGN_STYLE = Automatic;
				COMBINE_HIDPI_IMAGES = YES;
				CURRENT_PROJECT_VERSION = 1;
				DEVELOPMENT_TEAM = 8TA5C5ASM9;
				ENABLE_HARDENED_RUNTIME = YES;
				GENERATE_INFOPLIST_FILE = YES;
				INFOPLIST_FILE = Snip/Info.plist;
				INFOPLIST_KEY_LSApplicationCategoryType = "public.app-category.utilities";
				INFOPLIST_KEY_NSHumanReadableCopyright = "";
				INFOPLIST_KEY_NSMainStoryboardFile = Main;
				INFOPLIST_KEY_NSPrincipalClass = NSApplication;
				LD_RUNPATH_SEARCH_PATHS = (
					"$(inherited)",
					"@executable_path/../Frameworks",
				);
				MARKETING_VERSION = 0.0.1;
				PRODUCT_BUNDLE_IDENTIFIER = me.jiaxin.Snip;
				PRODUCT_NAME = "$(TARGET_NAME)";
				SWIFT_EMIT_LOC_STRINGS = YES;
				SWIFT_VERSION = 5.0;
			};
			name = Release;
		};
		295AE6A627526FD600A0185C /* Debug */ = {
			isa = XCBuildConfiguration;
			buildSettings = {
				ALWAYS_EMBED_SWIFT_STANDARD_LIBRARIES = YES;
				BUNDLE_LOADER = "$(TEST_HOST)";
				CODE_SIGN_STYLE = Automatic;
				COMBINE_HIDPI_IMAGES = YES;
				CURRENT_PROJECT_VERSION = 1;
				DEVELOPMENT_TEAM = 8TA5C5ASM9;
				GENERATE_INFOPLIST_FILE = YES;
				LD_RUNPATH_SEARCH_PATHS = (
					"$(inherited)",
					"@executable_path/../Frameworks",
					"@loader_path/../Frameworks",
				);
				MACOSX_DEPLOYMENT_TARGET = 12.0;
				MARKETING_VERSION = 1.0;
				PRODUCT_BUNDLE_IDENTIFIER = me.jiaxin.SnipTests;
				PRODUCT_NAME = "$(TARGET_NAME)";
				SWIFT_EMIT_LOC_STRINGS = NO;
				SWIFT_VERSION = 5.0;
				TEST_HOST = "$(BUILT_PRODUCTS_DIR)/Snip.app/Contents/MacOS/Snip";
			};
			name = Debug;
		};
		295AE6A727526FD600A0185C /* Release */ = {
			isa = XCBuildConfiguration;
			buildSettings = {
				ALWAYS_EMBED_SWIFT_STANDARD_LIBRARIES = YES;
				BUNDLE_LOADER = "$(TEST_HOST)";
				CODE_SIGN_STYLE = Automatic;
				COMBINE_HIDPI_IMAGES = YES;
				CURRENT_PROJECT_VERSION = 1;
				DEVELOPMENT_TEAM = 8TA5C5ASM9;
				GENERATE_INFOPLIST_FILE = YES;
				LD_RUNPATH_SEARCH_PATHS = (
					"$(inherited)",
					"@executable_path/../Frameworks",
					"@loader_path/../Frameworks",
				);
				MACOSX_DEPLOYMENT_TARGET = 12.0;
				MARKETING_VERSION = 1.0;
				PRODUCT_BUNDLE_IDENTIFIER = me.jiaxin.SnipTests;
				PRODUCT_NAME = "$(TARGET_NAME)";
				SWIFT_EMIT_LOC_STRINGS = NO;
				SWIFT_VERSION = 5.0;
				TEST_HOST = "$(BUILT_PRODUCTS_DIR)/Snip.app/Contents/MacOS/Snip";
			};
			name = Release;
		};
/* End XCBuildConfiguration section */

/* Begin XCConfigurationList section */
		295AE67527526FD500A0185C /* Build configuration list for PBXProject "Snip" */ = {
			isa = XCConfigurationList;
			buildConfigurations = (
				295AE6A027526FD600A0185C /* Debug */,
				295AE6A127526FD600A0185C /* Release */,
			);
			defaultConfigurationIsVisible = 0;
			defaultConfigurationName = Release;
		};
		295AE6A227526FD600A0185C /* Build configuration list for PBXNativeTarget "Snip" */ = {
			isa = XCConfigurationList;
			buildConfigurations = (
				295AE6A327526FD600A0185C /* Debug */,
				295AE6A427526FD600A0185C /* Release */,
			);
			defaultConfigurationIsVisible = 0;
			defaultConfigurationName = Release;
		};
		295AE6A527526FD600A0185C /* Build configuration list for PBXNativeTarget "SnipTests" */ = {
			isa = XCConfigurationList;
			buildConfigurations = (
				295AE6A627526FD600A0185C /* Debug */,
				295AE6A727526FD600A0185C /* Release */,
			);
			defaultConfigurationIsVisible = 0;
			defaultConfigurationName = Release;
		};
/* End XCConfigurationList section */

/* Begin XCRemoteSwiftPackageReference section */
		6BE58E2027585F3E0073CBAE /* XCRemoteSwiftPackageReference "KeyboardShortcuts" */ = {
			isa = XCRemoteSwiftPackageReference;
			repositoryURL = "https://github.com/sindresorhus/KeyboardShortcuts.git";
			requirement = {
				kind = upToNextMajorVersion;
				minimumVersion = 1.0.0;
			};
		};
/* End XCRemoteSwiftPackageReference section */

/* Begin XCSwiftPackageProductDependency section */
		6BE58E2127585F3E0073CBAE /* KeyboardShortcuts */ = {
			isa = XCSwiftPackageProductDependency;
			package = 6BE58E2027585F3E0073CBAE /* XCRemoteSwiftPackageReference "KeyboardShortcuts" */;
			productName = KeyboardShortcuts;
		};
/* End XCSwiftPackageProductDependency section */

/* Begin XCVersionGroup section */
		295AE68127526FD500A0185C /* Snip.xcdatamodeld */ = {
			isa = XCVersionGroup;
			children = (
				295AE68227526FD500A0185C /* Snip.xcdatamodel */,
			);
			currentVersion = 295AE68227526FD500A0185C /* Snip.xcdatamodel */;
			path = Snip.xcdatamodeld;
			sourceTree = "<group>";
			versionGroupType = wrapper.xcdatamodel;
		};
/* End XCVersionGroup section */
	};
	rootObject = 295AE67227526FD500A0185C /* Project object */;
}
